
Microsoft Visual Studio Solution File, Format Version 12.00
# Visual Studio Version 16
VisualStudioVersion = 16.0.28803.202
MinimumVisualStudioVersion = 10.0.40219.1
Project("{2150E333-8FDC-42A3-9474-1A3956D46DE8}") = "app", "app", "{0DBB4638-4926-4BE6-B51F-7BF3D1C7F032}"
EndProject
Project("{9A19103F-16F7-4668-BE54-9A1E7A4F7556}") = "Mailr", "Mailr\Mailr.csproj", "{EC190B7A-D5B4-43D3-A729-75E272037C05}"
	ProjectSection(ProjectDependencies) = postProject
		{ABF48ACB-A01B-4ABF-BF23-FA33A02E79CA} = {ABF48ACB-A01B-4ABF-BF23-FA33A02E79CA}
	EndProjectSection
EndProject
Project("{2150E333-8FDC-42A3-9474-1A3956D46DE8}") = "lib", "lib", "{22D88015-A00B-4DDF-AB81-8A73D76526AF}"
EndProject
Project("{2150E333-8FDC-42A3-9474-1A3956D46DE8}") = "ext", "ext", "{5E024597-563A-4956-BB60-0F40EA5D7B6A}"
EndProject
Project("{9A19103F-16F7-4668-BE54-9A1E7A4F7556}") = "Mailr.Extensions.Gunter", "..\mailr-extensions-native\Mailr.Extensions.Gunter\Mailr.Extensions.Gunter.csproj", "{ABF48ACB-A01B-4ABF-BF23-FA33A02E79CA}"
EndProject
Project("{9A19103F-16F7-4668-BE54-9A1E7A4F7556}") = "Mailr.Extensions", "Mailr.Extensions\Mailr.Extensions.csproj", "{E4A107D3-1A46-4D87-8125-CA1DADE0F523}"
EndProject
Global
	GlobalSection(SolutionConfigurationPlatforms) = preSolution
		Debug|Any CPU = Debug|Any CPU
		Debug|x64 = Debug|x64
		Debug|x86 = Debug|x86
		Release|Any CPU = Release|Any CPU
		Release|x64 = Release|x64
		Release|x86 = Release|x86
	EndGlobalSection
	GlobalSection(ProjectConfigurationPlatforms) = postSolution
		{EC190B7A-D5B4-43D3-A729-75E272037C05}.Debug|Any CPU.ActiveCfg = Release|Any CPU
		{EC190B7A-D5B4-43D3-A729-75E272037C05}.Debug|Any CPU.Build.0 = Release|Any CPU
		{EC190B7A-D5B4-43D3-A729-75E272037C05}.Debug|x64.ActiveCfg = Debug|x64
		{EC190B7A-D5B4-43D3-A729-75E272037C05}.Debug|x64.Build.0 = Debug|x64
		{EC190B7A-D5B4-43D3-A729-75E272037C05}.Debug|x86.ActiveCfg = Release|x64
		{EC190B7A-D5B4-43D3-A729-75E272037C05}.Debug|x86.Build.0 = Release|x64
		{EC190B7A-D5B4-43D3-A729-75E272037C05}.Release|Any CPU.ActiveCfg = Release|x64
		{EC190B7A-D5B4-43D3-A729-75E272037C05}.Release|Any CPU.Build.0 = Release|x64
		{EC190B7A-D5B4-43D3-A729-75E272037C05}.Release|x64.ActiveCfg = Release|x64
		{EC190B7A-D5B4-43D3-A729-75E272037C05}.Release|x64.Build.0 = Release|x64
		{EC190B7A-D5B4-43D3-A729-75E272037C05}.Release|x86.ActiveCfg = Release|x64
		{ABF48ACB-A01B-4ABF-BF23-FA33A02E79CA}.Debug|Any CPU.ActiveCfg = Debug|Any CPU
		{ABF48ACB-A01B-4ABF-BF23-FA33A02E79CA}.Debug|Any CPU.Build.0 = Debug|Any CPU
		{ABF48ACB-A01B-4ABF-BF23-FA33A02E79CA}.Debug|x64.ActiveCfg = Debug|Any CPU
		{ABF48ACB-A01B-4ABF-BF23-FA33A02E79CA}.Debug|x64.Build.0 = Debug|Any CPU
		{ABF48ACB-A01B-4ABF-BF23-FA33A02E79CA}.Debug|x86.ActiveCfg = Debug|Any CPU
		{ABF48ACB-A01B-4ABF-BF23-FA33A02E79CA}.Debug|x86.Build.0 = Debug|Any CPU
		{ABF48ACB-A01B-4ABF-BF23-FA33A02E79CA}.Release|Any CPU.ActiveCfg = Release|Any CPU
		{ABF48ACB-A01B-4ABF-BF23-FA33A02E79CA}.Release|Any CPU.Build.0 = Release|Any CPU
		{ABF48ACB-A01B-4ABF-BF23-FA33A02E79CA}.Release|x64.ActiveCfg = Release|Any CPU
		{ABF48ACB-A01B-4ABF-BF23-FA33A02E79CA}.Release|x64.Build.0 = Release|Any CPU
		{ABF48ACB-A01B-4ABF-BF23-FA33A02E79CA}.Release|x86.ActiveCfg = Release|Any CPU
		{ABF48ACB-A01B-4ABF-BF23-FA33A02E79CA}.Release|x86.Build.0 = Release|Any CPU
		{E4A107D3-1A46-4D87-8125-CA1DADE0F523}.Debug|Any CPU.ActiveCfg = Debug|Any CPU
		{E4A107D3-1A46-4D87-8125-CA1DADE0F523}.Debug|Any CPU.Build.0 = Debug|Any CPU
		{E4A107D3-1A46-4D87-8125-CA1DADE0F523}.Debug|x64.ActiveCfg = Debug|Any CPU
		{E4A107D3-1A46-4D87-8125-CA1DADE0F523}.Debug|x64.Build.0 = Debug|Any CPU
		{E4A107D3-1A46-4D87-8125-CA1DADE0F523}.Debug|x86.ActiveCfg = Debug|Any CPU
		{E4A107D3-1A46-4D87-8125-CA1DADE0F523}.Debug|x86.Build.0 = Debug|Any CPU
		{E4A107D3-1A46-4D87-8125-CA1DADE0F523}.Release|Any CPU.ActiveCfg = Release|Any CPU
		{E4A107D3-1A46-4D87-8125-CA1DADE0F523}.Release|Any CPU.Build.0 = Release|Any CPU
		{E4A107D3-1A46-4D87-8125-CA1DADE0F523}.Release|x64.ActiveCfg = Release|Any CPU
		{E4A107D3-1A46-4D87-8125-CA1DADE0F523}.Release|x64.Build.0 = Release|Any CPU
		{E4A107D3-1A46-4D87-8125-CA1DADE0F523}.Release|x86.ActiveCfg = Release|Any CPU
		{E4A107D3-1A46-4D87-8125-CA1DADE0F523}.Release|x86.Build.0 = Release|Any CPU
	EndGlobalSection
	GlobalSection(SolutionProperties) = preSolution
		HideSolutionNode = FALSE
	EndGlobalSection
	GlobalSection(NestedProjects) = preSolution
		{EC190B7A-D5B4-43D3-A729-75E272037C05} = {0DBB4638-4926-4BE6-B51F-7BF3D1C7F032}
		{ABF48ACB-A01B-4ABF-BF23-FA33A02E79CA} = {5E024597-563A-4956-BB60-0F40EA5D7B6A}
		{E4A107D3-1A46-4D87-8125-CA1DADE0F523} = {22D88015-A00B-4DDF-AB81-8A73D76526AF}
	EndGlobalSection
	GlobalSection(ExtensibilityGlobals) = postSolution
		SolutionGuid = {5346371C-0C45-402F-8187-7C1FDCB7CEFA}
	EndGlobalSection
EndGlobal
