
Microsoft Visual Studio Solution File, Format Version 12.00
# Visual Studio 15
VisualStudioVersion = 15.0.27130.2024
MinimumVisualStudioVersion = 10.0.40219.1
Project("{2150E333-8FDC-42A3-9474-1A3956D46DE8}") = "app", "app", "{0DBB4638-4926-4BE6-B51F-7BF3D1C7F032}"
EndProject
Project("{9A19103F-16F7-4668-BE54-9A1E7A4F7556}") = "Mailr", "Mailr\Mailr.csproj", "{EC190B7A-D5B4-43D3-A729-75E272037C05}"
EndProject
Project("{2150E333-8FDC-42A3-9474-1A3956D46DE8}") = "lib", "lib", "{22D88015-A00B-4DDF-AB81-8A73D76526AF}"
EndProject
Project("{2150E333-8FDC-42A3-9474-1A3956D46DE8}") = "ext", "ext", "{5E024597-563A-4956-BB60-0F40EA5D7B6A}"
EndProject
Project("{9A19103F-16F7-4668-BE54-9A1E7A4F7556}") = "Mailr.Extensions.Gunter", "..\Mailr.Extensions\Mailr.Extensions.Gunter\Mailr.Extensions.Gunter.csproj", "{ABF48ACB-A01B-4ABF-BF23-FA33A02E79CA}"
EndProject
Project("{9A19103F-16F7-4668-BE54-9A1E7A4F7556}") = "Mailr.Extensions", "Mailr.Extensions\Mailr.Extensions.csproj", "{E4A107D3-1A46-4D87-8125-CA1DADE0F523}"
EndProject
Project("{2150E333-8FDC-42A3-9474-1A3956D46DE8}") = "reusable", "reusable", "{8D28BF6B-93D5-42B5-ADAB-8CE9BDE403D5}"
EndProject
Project("{9A19103F-16F7-4668-BE54-9A1E7A4F7556}") = "Reusable.Core", "..\Reusable\Reusable.Core\Reusable.Core.csproj", "{40F37A1B-8F11-4B8A-B59C-2DC8E614E324}"
EndProject
Project("{9A19103F-16F7-4668-BE54-9A1E7A4F7556}") = "Reusable.Convertia", "..\Reusable\Reusable.Convertia\Reusable.Convertia.csproj", "{AFD91A07-1560-4BDD-82CB-7C999DFF8ECC}"
EndProject
Project("{9A19103F-16F7-4668-BE54-9A1E7A4F7556}") = "Reusable.Flexo", "..\Reusable\Reusable.Flexo\Reusable.Flexo.csproj", "{F60D1C41-2B2F-4703-9A39-E1A15A1BCBDC}"
EndProject
Project("{9A19103F-16F7-4668-BE54-9A1E7A4F7556}") = "Reusable.OmniLog", "..\Reusable\Reusable.OmniLog\Reusable.OmniLog.csproj", "{E938F207-7AD9-4D3C-9835-E013861CFD7A}"
EndProject
Project("{9A19103F-16F7-4668-BE54-9A1E7A4F7556}") = "Reusable.OmniLog.NLogRx", "..\Reusable\Reusable.OmniLog.NLogRx\Reusable.OmniLog.NLogRx.csproj", "{D1F64E8E-E927-4E9C-8BA8-F9DF43E4CFAC}"
EndProject
Project("{9A19103F-16F7-4668-BE54-9A1E7A4F7556}") = "Reusable.OmniLog.SemanticExtensions", "..\Reusable\Reusable.OmniLog.SemanticExtensions\Reusable.OmniLog.SemanticExtensions.csproj", "{480A7347-2865-4DA8-AE86-4AB511148B1D}"
EndProject
Project("{9A19103F-16F7-4668-BE54-9A1E7A4F7556}") = "Reusable.OmniLog.SemanticMiddleware", "..\Reusable\Reusable.OmniLog.SemanticMiddleware\Reusable.OmniLog.SemanticMiddleware.csproj", "{BDE24298-0068-4611-95C2-6C5769FEC5F8}"
EndProject
Project("{9A19103F-16F7-4668-BE54-9A1E7A4F7556}") = "Reusable.Utilities.JsonNet", "..\Reusable\Reusable.Utilities.JsonNet\Reusable.Utilities.JsonNet.csproj", "{0D58528D-A90B-4945-8858-CC972F3834C5}"
EndProject
Project("{9A19103F-16F7-4668-BE54-9A1E7A4F7556}") = "Reusable.Utilities.NLog", "..\Reusable\Reusable.Utilities.NLog\Reusable.Utilities.NLog.csproj", "{6B57191A-4C57-4B8B-8694-28D67B9BB3AA}"
EndProject
Project("{9A19103F-16F7-4668-BE54-9A1E7A4F7556}") = "Reusable.Utilities.SqlClient", "..\Reusable\Reusable.Utilities.SqlClient\Reusable.Utilities.SqlClient.csproj", "{2B508A3C-2AAA-45EA-A923-63ABB6E43428}"
EndProject
Project("{9A19103F-16F7-4668-BE54-9A1E7A4F7556}") = "Reusable.sdk.Http", "..\Reusable\Reusable.sdk.Http\Reusable.sdk.Http.csproj", "{61E72D0A-F3F6-4A2F-A0D6-68609903ACE4}"
EndProject
Project("{9A19103F-16F7-4668-BE54-9A1E7A4F7556}") = "Reusable.sdk.Mailr", "..\Reusable\Reusable.sdk.Mailr\Reusable.sdk.Mailr.csproj", "{90077795-0AC8-4789-AE48-470479B6F09C}"
EndProject
Project("{9A19103F-16F7-4668-BE54-9A1E7A4F7556}") = "Reusable.SmartConfig", "..\Reusable\Reusable.SmartConfig\Reusable.SmartConfig.csproj", "{129243AE-D51F-47DF-A699-B4D6CBFCE69D}"
EndProject
Project("{9A19103F-16F7-4668-BE54-9A1E7A4F7556}") = "Reusable.SmartConfig.AppConfig", "..\Reusable\Reusable.SmartConfig.AppConfig\Reusable.SmartConfig.AppConfig.csproj", "{99F3F4B6-ACB0-4C06-B39D-211F75CE368B}"
EndProject
Project("{9A19103F-16F7-4668-BE54-9A1E7A4F7556}") = "Reusable.SmartConfig.InMemory", "..\Reusable\Reusable.SmartConfig.InMemory\Reusable.SmartConfig.InMemory.csproj", "{3C1AFC6E-8B20-496F-ADB7-B5FF52923C48}"
EndProject
Project("{9A19103F-16F7-4668-BE54-9A1E7A4F7556}") = "Reusable.SmartConfig.JsonConverter", "..\Reusable\Reusable.SmartConfig.JsonConverter\Reusable.SmartConfig.JsonConverter.csproj", "{75103B1E-21C2-4BDE-A744-081749BE068F}"
EndProject
Project("{9A19103F-16F7-4668-BE54-9A1E7A4F7556}") = "Reusable.SmartConfig.SqlServer", "..\Reusable\Reusable.SmartConfig.SqlServer\Reusable.SmartConfig.SqlServer.csproj", "{99E7523E-4DD0-47ED-9D8A-FA6BD7E316A8}"
EndProject
Project("{9A19103F-16F7-4668-BE54-9A1E7A4F7556}") = "Reusable.Utilities.AspNetCore", "..\Reusable\Reusable.Utilities.AspNetCore\Reusable.Utilities.AspNetCore.csproj", "{64EC5631-2216-4E1A-8C00-6572F6126824}"
EndProject
Project("{9A19103F-16F7-4668-BE54-9A1E7A4F7556}") = "Reusable.sdk.Mail", "..\Reusable\Reusable.sdk.Mail\Reusable.sdk.Mail.csproj", "{6656A663-C00D-4705-90A6-439EAF8F4C7F}"
EndProject
Project("{9A19103F-16F7-4668-BE54-9A1E7A4F7556}") = "Reusable.sdk.Outlook", "..\Reusable\Reusable.sdk.Outlook\Reusable.sdk.Outlook.csproj", "{F21A723B-0709-4F2A-BCEE-BCF912DE7A16}"
EndProject
Project("{9A19103F-16F7-4668-BE54-9A1E7A4F7556}") = "Reusable.sdk.Smtp", "..\Reusable\Reusable.sdk.Smtp\Reusable.sdk.Smtp.csproj", "{004E12D0-0557-4C26-AB4C-00AC815350A6}"
EndProject
Global
	GlobalSection(SolutionConfigurationPlatforms) = preSolution
		Debug.csproj|Any CPU = Debug.csproj|Any CPU
		Debug.csproj|x86 = Debug.csproj|x86
		Debug|Any CPU = Debug|Any CPU
		Debug|x86 = Debug|x86
		Release|Any CPU = Release|Any CPU
		Release|x86 = Release|x86
	EndGlobalSection
	GlobalSection(ProjectConfigurationPlatforms) = postSolution
		{EC190B7A-D5B4-43D3-A729-75E272037C05}.Debug.csproj|Any CPU.ActiveCfg = Debug.csproj|Any CPU
		{EC190B7A-D5B4-43D3-A729-75E272037C05}.Debug.csproj|Any CPU.Build.0 = Debug.csproj|Any CPU
		{EC190B7A-D5B4-43D3-A729-75E272037C05}.Debug.csproj|x86.ActiveCfg = Debug.csproj|Any CPU
		{EC190B7A-D5B4-43D3-A729-75E272037C05}.Debug.csproj|x86.Build.0 = Debug.csproj|Any CPU
		{EC190B7A-D5B4-43D3-A729-75E272037C05}.Debug|Any CPU.ActiveCfg = Debug|Any CPU
		{EC190B7A-D5B4-43D3-A729-75E272037C05}.Debug|Any CPU.Build.0 = Debug|Any CPU
		{EC190B7A-D5B4-43D3-A729-75E272037C05}.Debug|x86.ActiveCfg = Debug|Any CPU
		{EC190B7A-D5B4-43D3-A729-75E272037C05}.Debug|x86.Build.0 = Debug|Any CPU
		{EC190B7A-D5B4-43D3-A729-75E272037C05}.Release|Any CPU.ActiveCfg = Release|Any CPU
		{EC190B7A-D5B4-43D3-A729-75E272037C05}.Release|Any CPU.Build.0 = Release|Any CPU
		{EC190B7A-D5B4-43D3-A729-75E272037C05}.Release|x86.ActiveCfg = Release|Any CPU
		{EC190B7A-D5B4-43D3-A729-75E272037C05}.Release|x86.Build.0 = Release|Any CPU
		{ABF48ACB-A01B-4ABF-BF23-FA33A02E79CA}.Debug.csproj|Any CPU.ActiveCfg = Debug.csproj|Any CPU
		{ABF48ACB-A01B-4ABF-BF23-FA33A02E79CA}.Debug.csproj|Any CPU.Build.0 = Debug.csproj|Any CPU
		{ABF48ACB-A01B-4ABF-BF23-FA33A02E79CA}.Debug.csproj|x86.ActiveCfg = Debug.csproj|Any CPU
		{ABF48ACB-A01B-4ABF-BF23-FA33A02E79CA}.Debug.csproj|x86.Build.0 = Debug.csproj|Any CPU
		{ABF48ACB-A01B-4ABF-BF23-FA33A02E79CA}.Debug|Any CPU.ActiveCfg = Debug|Any CPU
		{ABF48ACB-A01B-4ABF-BF23-FA33A02E79CA}.Debug|Any CPU.Build.0 = Debug|Any CPU
		{ABF48ACB-A01B-4ABF-BF23-FA33A02E79CA}.Debug|x86.ActiveCfg = Debug|Any CPU
		{ABF48ACB-A01B-4ABF-BF23-FA33A02E79CA}.Debug|x86.Build.0 = Debug|Any CPU
		{ABF48ACB-A01B-4ABF-BF23-FA33A02E79CA}.Release|Any CPU.ActiveCfg = Release|Any CPU
		{ABF48ACB-A01B-4ABF-BF23-FA33A02E79CA}.Release|Any CPU.Build.0 = Release|Any CPU
		{ABF48ACB-A01B-4ABF-BF23-FA33A02E79CA}.Release|x86.ActiveCfg = Release|Any CPU
		{ABF48ACB-A01B-4ABF-BF23-FA33A02E79CA}.Release|x86.Build.0 = Release|Any CPU
		{E4A107D3-1A46-4D87-8125-CA1DADE0F523}.Debug.csproj|Any CPU.ActiveCfg = Debug.csproj|Any CPU
		{E4A107D3-1A46-4D87-8125-CA1DADE0F523}.Debug.csproj|Any CPU.Build.0 = Debug.csproj|Any CPU
		{E4A107D3-1A46-4D87-8125-CA1DADE0F523}.Debug.csproj|x86.ActiveCfg = Debug.csproj|Any CPU
		{E4A107D3-1A46-4D87-8125-CA1DADE0F523}.Debug.csproj|x86.Build.0 = Debug.csproj|Any CPU
		{E4A107D3-1A46-4D87-8125-CA1DADE0F523}.Debug|Any CPU.ActiveCfg = Debug|Any CPU
		{E4A107D3-1A46-4D87-8125-CA1DADE0F523}.Debug|Any CPU.Build.0 = Debug|Any CPU
		{E4A107D3-1A46-4D87-8125-CA1DADE0F523}.Debug|x86.ActiveCfg = Debug|Any CPU
		{E4A107D3-1A46-4D87-8125-CA1DADE0F523}.Debug|x86.Build.0 = Debug|Any CPU
		{E4A107D3-1A46-4D87-8125-CA1DADE0F523}.Release|Any CPU.ActiveCfg = Release|Any CPU
		{E4A107D3-1A46-4D87-8125-CA1DADE0F523}.Release|Any CPU.Build.0 = Release|Any CPU
		{E4A107D3-1A46-4D87-8125-CA1DADE0F523}.Release|x86.ActiveCfg = Release|Any CPU
		{E4A107D3-1A46-4D87-8125-CA1DADE0F523}.Release|x86.Build.0 = Release|Any CPU
		{40F37A1B-8F11-4B8A-B59C-2DC8E614E324}.Debug.csproj|Any CPU.ActiveCfg = Debug|Any CPU
		{40F37A1B-8F11-4B8A-B59C-2DC8E614E324}.Debug.csproj|Any CPU.Build.0 = Debug|Any CPU
		{40F37A1B-8F11-4B8A-B59C-2DC8E614E324}.Debug.csproj|x86.ActiveCfg = Debug|Any CPU
		{40F37A1B-8F11-4B8A-B59C-2DC8E614E324}.Debug.csproj|x86.Build.0 = Debug|Any CPU
		{40F37A1B-8F11-4B8A-B59C-2DC8E614E324}.Debug|Any CPU.ActiveCfg = Debug|Any CPU
		{40F37A1B-8F11-4B8A-B59C-2DC8E614E324}.Debug|Any CPU.Build.0 = Debug|Any CPU
		{40F37A1B-8F11-4B8A-B59C-2DC8E614E324}.Debug|x86.ActiveCfg = Debug|Any CPU
		{40F37A1B-8F11-4B8A-B59C-2DC8E614E324}.Debug|x86.Build.0 = Debug|Any CPU
		{40F37A1B-8F11-4B8A-B59C-2DC8E614E324}.Release|Any CPU.ActiveCfg = Release|Any CPU
		{40F37A1B-8F11-4B8A-B59C-2DC8E614E324}.Release|Any CPU.Build.0 = Release|Any CPU
		{40F37A1B-8F11-4B8A-B59C-2DC8E614E324}.Release|x86.ActiveCfg = Release|Any CPU
		{40F37A1B-8F11-4B8A-B59C-2DC8E614E324}.Release|x86.Build.0 = Release|Any CPU
		{AFD91A07-1560-4BDD-82CB-7C999DFF8ECC}.Debug.csproj|Any CPU.ActiveCfg = Debug|Any CPU
		{AFD91A07-1560-4BDD-82CB-7C999DFF8ECC}.Debug.csproj|Any CPU.Build.0 = Debug|Any CPU
		{AFD91A07-1560-4BDD-82CB-7C999DFF8ECC}.Debug.csproj|x86.ActiveCfg = Debug|Any CPU
		{AFD91A07-1560-4BDD-82CB-7C999DFF8ECC}.Debug.csproj|x86.Build.0 = Debug|Any CPU
		{AFD91A07-1560-4BDD-82CB-7C999DFF8ECC}.Debug|Any CPU.ActiveCfg = Debug|Any CPU
		{AFD91A07-1560-4BDD-82CB-7C999DFF8ECC}.Debug|Any CPU.Build.0 = Debug|Any CPU
		{AFD91A07-1560-4BDD-82CB-7C999DFF8ECC}.Debug|x86.ActiveCfg = Debug|Any CPU
		{AFD91A07-1560-4BDD-82CB-7C999DFF8ECC}.Debug|x86.Build.0 = Debug|Any CPU
		{AFD91A07-1560-4BDD-82CB-7C999DFF8ECC}.Release|Any CPU.ActiveCfg = Release|Any CPU
		{AFD91A07-1560-4BDD-82CB-7C999DFF8ECC}.Release|Any CPU.Build.0 = Release|Any CPU
		{AFD91A07-1560-4BDD-82CB-7C999DFF8ECC}.Release|x86.ActiveCfg = Release|Any CPU
		{AFD91A07-1560-4BDD-82CB-7C999DFF8ECC}.Release|x86.Build.0 = Release|Any CPU
		{F60D1C41-2B2F-4703-9A39-E1A15A1BCBDC}.Debug.csproj|Any CPU.ActiveCfg = Debug|Any CPU
		{F60D1C41-2B2F-4703-9A39-E1A15A1BCBDC}.Debug.csproj|Any CPU.Build.0 = Debug|Any CPU
		{F60D1C41-2B2F-4703-9A39-E1A15A1BCBDC}.Debug.csproj|x86.ActiveCfg = Debug|Any CPU
		{F60D1C41-2B2F-4703-9A39-E1A15A1BCBDC}.Debug.csproj|x86.Build.0 = Debug|Any CPU
		{F60D1C41-2B2F-4703-9A39-E1A15A1BCBDC}.Debug|Any CPU.ActiveCfg = Debug|Any CPU
		{F60D1C41-2B2F-4703-9A39-E1A15A1BCBDC}.Debug|Any CPU.Build.0 = Debug|Any CPU
		{F60D1C41-2B2F-4703-9A39-E1A15A1BCBDC}.Debug|x86.ActiveCfg = Debug|Any CPU
		{F60D1C41-2B2F-4703-9A39-E1A15A1BCBDC}.Debug|x86.Build.0 = Debug|Any CPU
		{F60D1C41-2B2F-4703-9A39-E1A15A1BCBDC}.Release|Any CPU.ActiveCfg = Release|Any CPU
		{F60D1C41-2B2F-4703-9A39-E1A15A1BCBDC}.Release|Any CPU.Build.0 = Release|Any CPU
		{F60D1C41-2B2F-4703-9A39-E1A15A1BCBDC}.Release|x86.ActiveCfg = Release|Any CPU
		{F60D1C41-2B2F-4703-9A39-E1A15A1BCBDC}.Release|x86.Build.0 = Release|Any CPU
		{E938F207-7AD9-4D3C-9835-E013861CFD7A}.Debug.csproj|Any CPU.ActiveCfg = Debug|Any CPU
		{E938F207-7AD9-4D3C-9835-E013861CFD7A}.Debug.csproj|Any CPU.Build.0 = Debug|Any CPU
		{E938F207-7AD9-4D3C-9835-E013861CFD7A}.Debug.csproj|x86.ActiveCfg = Debug|Any CPU
		{E938F207-7AD9-4D3C-9835-E013861CFD7A}.Debug.csproj|x86.Build.0 = Debug|Any CPU
		{E938F207-7AD9-4D3C-9835-E013861CFD7A}.Debug|Any CPU.ActiveCfg = Debug|Any CPU
		{E938F207-7AD9-4D3C-9835-E013861CFD7A}.Debug|Any CPU.Build.0 = Debug|Any CPU
		{E938F207-7AD9-4D3C-9835-E013861CFD7A}.Debug|x86.ActiveCfg = Debug|Any CPU
		{E938F207-7AD9-4D3C-9835-E013861CFD7A}.Debug|x86.Build.0 = Debug|Any CPU
		{E938F207-7AD9-4D3C-9835-E013861CFD7A}.Release|Any CPU.ActiveCfg = Release|Any CPU
		{E938F207-7AD9-4D3C-9835-E013861CFD7A}.Release|Any CPU.Build.0 = Release|Any CPU
		{E938F207-7AD9-4D3C-9835-E013861CFD7A}.Release|x86.ActiveCfg = Release|Any CPU
		{E938F207-7AD9-4D3C-9835-E013861CFD7A}.Release|x86.Build.0 = Release|Any CPU
		{D1F64E8E-E927-4E9C-8BA8-F9DF43E4CFAC}.Debug.csproj|Any CPU.ActiveCfg = Debug|Any CPU
		{D1F64E8E-E927-4E9C-8BA8-F9DF43E4CFAC}.Debug.csproj|Any CPU.Build.0 = Debug|Any CPU
		{D1F64E8E-E927-4E9C-8BA8-F9DF43E4CFAC}.Debug.csproj|x86.ActiveCfg = Debug|Any CPU
		{D1F64E8E-E927-4E9C-8BA8-F9DF43E4CFAC}.Debug.csproj|x86.Build.0 = Debug|Any CPU
		{D1F64E8E-E927-4E9C-8BA8-F9DF43E4CFAC}.Debug|Any CPU.ActiveCfg = Debug|Any CPU
		{D1F64E8E-E927-4E9C-8BA8-F9DF43E4CFAC}.Debug|Any CPU.Build.0 = Debug|Any CPU
		{D1F64E8E-E927-4E9C-8BA8-F9DF43E4CFAC}.Debug|x86.ActiveCfg = Debug|Any CPU
		{D1F64E8E-E927-4E9C-8BA8-F9DF43E4CFAC}.Debug|x86.Build.0 = Debug|Any CPU
		{D1F64E8E-E927-4E9C-8BA8-F9DF43E4CFAC}.Release|Any CPU.ActiveCfg = Release|Any CPU
		{D1F64E8E-E927-4E9C-8BA8-F9DF43E4CFAC}.Release|Any CPU.Build.0 = Release|Any CPU
		{D1F64E8E-E927-4E9C-8BA8-F9DF43E4CFAC}.Release|x86.ActiveCfg = Release|Any CPU
		{D1F64E8E-E927-4E9C-8BA8-F9DF43E4CFAC}.Release|x86.Build.0 = Release|Any CPU
		{480A7347-2865-4DA8-AE86-4AB511148B1D}.Debug.csproj|Any CPU.ActiveCfg = Debug|Any CPU
		{480A7347-2865-4DA8-AE86-4AB511148B1D}.Debug.csproj|Any CPU.Build.0 = Debug|Any CPU
		{480A7347-2865-4DA8-AE86-4AB511148B1D}.Debug.csproj|x86.ActiveCfg = Debug|Any CPU
		{480A7347-2865-4DA8-AE86-4AB511148B1D}.Debug.csproj|x86.Build.0 = Debug|Any CPU
		{480A7347-2865-4DA8-AE86-4AB511148B1D}.Debug|Any CPU.ActiveCfg = Debug|Any CPU
		{480A7347-2865-4DA8-AE86-4AB511148B1D}.Debug|Any CPU.Build.0 = Debug|Any CPU
		{480A7347-2865-4DA8-AE86-4AB511148B1D}.Debug|x86.ActiveCfg = Debug|Any CPU
		{480A7347-2865-4DA8-AE86-4AB511148B1D}.Debug|x86.Build.0 = Debug|Any CPU
		{480A7347-2865-4DA8-AE86-4AB511148B1D}.Release|Any CPU.ActiveCfg = Release|Any CPU
		{480A7347-2865-4DA8-AE86-4AB511148B1D}.Release|Any CPU.Build.0 = Release|Any CPU
		{480A7347-2865-4DA8-AE86-4AB511148B1D}.Release|x86.ActiveCfg = Release|Any CPU
		{480A7347-2865-4DA8-AE86-4AB511148B1D}.Release|x86.Build.0 = Release|Any CPU
		{BDE24298-0068-4611-95C2-6C5769FEC5F8}.Debug.csproj|Any CPU.ActiveCfg = Debug|Any CPU
		{BDE24298-0068-4611-95C2-6C5769FEC5F8}.Debug.csproj|Any CPU.Build.0 = Debug|Any CPU
		{BDE24298-0068-4611-95C2-6C5769FEC5F8}.Debug.csproj|x86.ActiveCfg = Debug|Any CPU
		{BDE24298-0068-4611-95C2-6C5769FEC5F8}.Debug.csproj|x86.Build.0 = Debug|Any CPU
		{BDE24298-0068-4611-95C2-6C5769FEC5F8}.Debug|Any CPU.ActiveCfg = Debug|Any CPU
		{BDE24298-0068-4611-95C2-6C5769FEC5F8}.Debug|Any CPU.Build.0 = Debug|Any CPU
		{BDE24298-0068-4611-95C2-6C5769FEC5F8}.Debug|x86.ActiveCfg = Debug|Any CPU
		{BDE24298-0068-4611-95C2-6C5769FEC5F8}.Debug|x86.Build.0 = Debug|Any CPU
		{BDE24298-0068-4611-95C2-6C5769FEC5F8}.Release|Any CPU.ActiveCfg = Release|Any CPU
		{BDE24298-0068-4611-95C2-6C5769FEC5F8}.Release|Any CPU.Build.0 = Release|Any CPU
		{BDE24298-0068-4611-95C2-6C5769FEC5F8}.Release|x86.ActiveCfg = Release|Any CPU
		{BDE24298-0068-4611-95C2-6C5769FEC5F8}.Release|x86.Build.0 = Release|Any CPU
		{0D58528D-A90B-4945-8858-CC972F3834C5}.Debug.csproj|Any CPU.ActiveCfg = Debug|Any CPU
		{0D58528D-A90B-4945-8858-CC972F3834C5}.Debug.csproj|Any CPU.Build.0 = Debug|Any CPU
		{0D58528D-A90B-4945-8858-CC972F3834C5}.Debug.csproj|x86.ActiveCfg = Debug|Any CPU
		{0D58528D-A90B-4945-8858-CC972F3834C5}.Debug.csproj|x86.Build.0 = Debug|Any CPU
		{0D58528D-A90B-4945-8858-CC972F3834C5}.Debug|Any CPU.ActiveCfg = Debug|Any CPU
		{0D58528D-A90B-4945-8858-CC972F3834C5}.Debug|Any CPU.Build.0 = Debug|Any CPU
		{0D58528D-A90B-4945-8858-CC972F3834C5}.Debug|x86.ActiveCfg = Debug|Any CPU
		{0D58528D-A90B-4945-8858-CC972F3834C5}.Debug|x86.Build.0 = Debug|Any CPU
		{0D58528D-A90B-4945-8858-CC972F3834C5}.Release|Any CPU.ActiveCfg = Release|Any CPU
		{0D58528D-A90B-4945-8858-CC972F3834C5}.Release|Any CPU.Build.0 = Release|Any CPU
		{0D58528D-A90B-4945-8858-CC972F3834C5}.Release|x86.ActiveCfg = Release|Any CPU
		{0D58528D-A90B-4945-8858-CC972F3834C5}.Release|x86.Build.0 = Release|Any CPU
		{6B57191A-4C57-4B8B-8694-28D67B9BB3AA}.Debug.csproj|Any CPU.ActiveCfg = Debug|Any CPU
		{6B57191A-4C57-4B8B-8694-28D67B9BB3AA}.Debug.csproj|Any CPU.Build.0 = Debug|Any CPU
		{6B57191A-4C57-4B8B-8694-28D67B9BB3AA}.Debug.csproj|x86.ActiveCfg = Debug|Any CPU
		{6B57191A-4C57-4B8B-8694-28D67B9BB3AA}.Debug.csproj|x86.Build.0 = Debug|Any CPU
		{6B57191A-4C57-4B8B-8694-28D67B9BB3AA}.Debug|Any CPU.ActiveCfg = Debug|Any CPU
		{6B57191A-4C57-4B8B-8694-28D67B9BB3AA}.Debug|Any CPU.Build.0 = Debug|Any CPU
		{6B57191A-4C57-4B8B-8694-28D67B9BB3AA}.Debug|x86.ActiveCfg = Debug|Any CPU
		{6B57191A-4C57-4B8B-8694-28D67B9BB3AA}.Debug|x86.Build.0 = Debug|Any CPU
		{6B57191A-4C57-4B8B-8694-28D67B9BB3AA}.Release|Any CPU.ActiveCfg = Release|Any CPU
		{6B57191A-4C57-4B8B-8694-28D67B9BB3AA}.Release|Any CPU.Build.0 = Release|Any CPU
		{6B57191A-4C57-4B8B-8694-28D67B9BB3AA}.Release|x86.ActiveCfg = Release|Any CPU
		{6B57191A-4C57-4B8B-8694-28D67B9BB3AA}.Release|x86.Build.0 = Release|Any CPU
		{2B508A3C-2AAA-45EA-A923-63ABB6E43428}.Debug.csproj|Any CPU.ActiveCfg = Debug|Any CPU
		{2B508A3C-2AAA-45EA-A923-63ABB6E43428}.Debug.csproj|Any CPU.Build.0 = Debug|Any CPU
		{2B508A3C-2AAA-45EA-A923-63ABB6E43428}.Debug.csproj|x86.ActiveCfg = Debug|Any CPU
		{2B508A3C-2AAA-45EA-A923-63ABB6E43428}.Debug.csproj|x86.Build.0 = Debug|Any CPU
		{2B508A3C-2AAA-45EA-A923-63ABB6E43428}.Debug|Any CPU.ActiveCfg = Debug|Any CPU
		{2B508A3C-2AAA-45EA-A923-63ABB6E43428}.Debug|Any CPU.Build.0 = Debug|Any CPU
		{2B508A3C-2AAA-45EA-A923-63ABB6E43428}.Debug|x86.ActiveCfg = Debug|Any CPU
		{2B508A3C-2AAA-45EA-A923-63ABB6E43428}.Debug|x86.Build.0 = Debug|Any CPU
		{2B508A3C-2AAA-45EA-A923-63ABB6E43428}.Release|Any CPU.ActiveCfg = Release|Any CPU
		{2B508A3C-2AAA-45EA-A923-63ABB6E43428}.Release|Any CPU.Build.0 = Release|Any CPU
		{2B508A3C-2AAA-45EA-A923-63ABB6E43428}.Release|x86.ActiveCfg = Release|Any CPU
		{2B508A3C-2AAA-45EA-A923-63ABB6E43428}.Release|x86.Build.0 = Release|Any CPU
		{61E72D0A-F3F6-4A2F-A0D6-68609903ACE4}.Debug.csproj|Any CPU.ActiveCfg = Debug|Any CPU
		{61E72D0A-F3F6-4A2F-A0D6-68609903ACE4}.Debug.csproj|Any CPU.Build.0 = Debug|Any CPU
		{61E72D0A-F3F6-4A2F-A0D6-68609903ACE4}.Debug.csproj|x86.ActiveCfg = Debug|Any CPU
		{61E72D0A-F3F6-4A2F-A0D6-68609903ACE4}.Debug.csproj|x86.Build.0 = Debug|Any CPU
		{61E72D0A-F3F6-4A2F-A0D6-68609903ACE4}.Debug|Any CPU.ActiveCfg = Debug|Any CPU
		{61E72D0A-F3F6-4A2F-A0D6-68609903ACE4}.Debug|Any CPU.Build.0 = Debug|Any CPU
		{61E72D0A-F3F6-4A2F-A0D6-68609903ACE4}.Debug|x86.ActiveCfg = Debug|Any CPU
		{61E72D0A-F3F6-4A2F-A0D6-68609903ACE4}.Debug|x86.Build.0 = Debug|Any CPU
		{61E72D0A-F3F6-4A2F-A0D6-68609903ACE4}.Release|Any CPU.ActiveCfg = Release|Any CPU
		{61E72D0A-F3F6-4A2F-A0D6-68609903ACE4}.Release|Any CPU.Build.0 = Release|Any CPU
		{61E72D0A-F3F6-4A2F-A0D6-68609903ACE4}.Release|x86.ActiveCfg = Release|Any CPU
		{61E72D0A-F3F6-4A2F-A0D6-68609903ACE4}.Release|x86.Build.0 = Release|Any CPU
		{90077795-0AC8-4789-AE48-470479B6F09C}.Debug.csproj|Any CPU.ActiveCfg = Debug|Any CPU
		{90077795-0AC8-4789-AE48-470479B6F09C}.Debug.csproj|Any CPU.Build.0 = Debug|Any CPU
		{90077795-0AC8-4789-AE48-470479B6F09C}.Debug.csproj|x86.ActiveCfg = Debug|Any CPU
		{90077795-0AC8-4789-AE48-470479B6F09C}.Debug.csproj|x86.Build.0 = Debug|Any CPU
		{90077795-0AC8-4789-AE48-470479B6F09C}.Debug|Any CPU.ActiveCfg = Debug|Any CPU
		{90077795-0AC8-4789-AE48-470479B6F09C}.Debug|Any CPU.Build.0 = Debug|Any CPU
		{90077795-0AC8-4789-AE48-470479B6F09C}.Debug|x86.ActiveCfg = Debug|Any CPU
		{90077795-0AC8-4789-AE48-470479B6F09C}.Debug|x86.Build.0 = Debug|Any CPU
		{90077795-0AC8-4789-AE48-470479B6F09C}.Release|Any CPU.ActiveCfg = Release|Any CPU
		{90077795-0AC8-4789-AE48-470479B6F09C}.Release|Any CPU.Build.0 = Release|Any CPU
		{90077795-0AC8-4789-AE48-470479B6F09C}.Release|x86.ActiveCfg = Release|Any CPU
		{90077795-0AC8-4789-AE48-470479B6F09C}.Release|x86.Build.0 = Release|Any CPU
		{129243AE-D51F-47DF-A699-B4D6CBFCE69D}.Debug.csproj|Any CPU.ActiveCfg = Debug|Any CPU
		{129243AE-D51F-47DF-A699-B4D6CBFCE69D}.Debug.csproj|Any CPU.Build.0 = Debug|Any CPU
		{129243AE-D51F-47DF-A699-B4D6CBFCE69D}.Debug.csproj|x86.ActiveCfg = Debug|Any CPU
		{129243AE-D51F-47DF-A699-B4D6CBFCE69D}.Debug.csproj|x86.Build.0 = Debug|Any CPU
		{129243AE-D51F-47DF-A699-B4D6CBFCE69D}.Debug|Any CPU.ActiveCfg = Debug|Any CPU
		{129243AE-D51F-47DF-A699-B4D6CBFCE69D}.Debug|Any CPU.Build.0 = Debug|Any CPU
		{129243AE-D51F-47DF-A699-B4D6CBFCE69D}.Debug|x86.ActiveCfg = Debug|Any CPU
		{129243AE-D51F-47DF-A699-B4D6CBFCE69D}.Debug|x86.Build.0 = Debug|Any CPU
		{129243AE-D51F-47DF-A699-B4D6CBFCE69D}.Release|Any CPU.ActiveCfg = Release|Any CPU
		{129243AE-D51F-47DF-A699-B4D6CBFCE69D}.Release|Any CPU.Build.0 = Release|Any CPU
		{129243AE-D51F-47DF-A699-B4D6CBFCE69D}.Release|x86.ActiveCfg = Release|Any CPU
		{129243AE-D51F-47DF-A699-B4D6CBFCE69D}.Release|x86.Build.0 = Release|Any CPU
		{99F3F4B6-ACB0-4C06-B39D-211F75CE368B}.Debug.csproj|Any CPU.ActiveCfg = Debug|Any CPU
		{99F3F4B6-ACB0-4C06-B39D-211F75CE368B}.Debug.csproj|Any CPU.Build.0 = Debug|Any CPU
		{99F3F4B6-ACB0-4C06-B39D-211F75CE368B}.Debug.csproj|x86.ActiveCfg = Debug|Any CPU
		{99F3F4B6-ACB0-4C06-B39D-211F75CE368B}.Debug.csproj|x86.Build.0 = Debug|Any CPU
		{99F3F4B6-ACB0-4C06-B39D-211F75CE368B}.Debug|Any CPU.ActiveCfg = Debug|Any CPU
		{99F3F4B6-ACB0-4C06-B39D-211F75CE368B}.Debug|Any CPU.Build.0 = Debug|Any CPU
		{99F3F4B6-ACB0-4C06-B39D-211F75CE368B}.Debug|x86.ActiveCfg = Debug|Any CPU
		{99F3F4B6-ACB0-4C06-B39D-211F75CE368B}.Debug|x86.Build.0 = Debug|Any CPU
		{99F3F4B6-ACB0-4C06-B39D-211F75CE368B}.Release|Any CPU.ActiveCfg = Release|Any CPU
		{99F3F4B6-ACB0-4C06-B39D-211F75CE368B}.Release|Any CPU.Build.0 = Release|Any CPU
		{99F3F4B6-ACB0-4C06-B39D-211F75CE368B}.Release|x86.ActiveCfg = Release|Any CPU
		{99F3F4B6-ACB0-4C06-B39D-211F75CE368B}.Release|x86.Build.0 = Release|Any CPU
		{3C1AFC6E-8B20-496F-ADB7-B5FF52923C48}.Debug.csproj|Any CPU.ActiveCfg = Debug|Any CPU
		{3C1AFC6E-8B20-496F-ADB7-B5FF52923C48}.Debug.csproj|Any CPU.Build.0 = Debug|Any CPU
		{3C1AFC6E-8B20-496F-ADB7-B5FF52923C48}.Debug.csproj|x86.ActiveCfg = Debug|Any CPU
		{3C1AFC6E-8B20-496F-ADB7-B5FF52923C48}.Debug.csproj|x86.Build.0 = Debug|Any CPU
		{3C1AFC6E-8B20-496F-ADB7-B5FF52923C48}.Debug|Any CPU.ActiveCfg = Debug|Any CPU
		{3C1AFC6E-8B20-496F-ADB7-B5FF52923C48}.Debug|Any CPU.Build.0 = Debug|Any CPU
		{3C1AFC6E-8B20-496F-ADB7-B5FF52923C48}.Debug|x86.ActiveCfg = Debug|Any CPU
		{3C1AFC6E-8B20-496F-ADB7-B5FF52923C48}.Debug|x86.Build.0 = Debug|Any CPU
		{3C1AFC6E-8B20-496F-ADB7-B5FF52923C48}.Release|Any CPU.ActiveCfg = Release|Any CPU
		{3C1AFC6E-8B20-496F-ADB7-B5FF52923C48}.Release|Any CPU.Build.0 = Release|Any CPU
		{3C1AFC6E-8B20-496F-ADB7-B5FF52923C48}.Release|x86.ActiveCfg = Release|Any CPU
		{3C1AFC6E-8B20-496F-ADB7-B5FF52923C48}.Release|x86.Build.0 = Release|Any CPU
		{75103B1E-21C2-4BDE-A744-081749BE068F}.Debug.csproj|Any CPU.ActiveCfg = Debug|Any CPU
		{75103B1E-21C2-4BDE-A744-081749BE068F}.Debug.csproj|Any CPU.Build.0 = Debug|Any CPU
		{75103B1E-21C2-4BDE-A744-081749BE068F}.Debug.csproj|x86.ActiveCfg = Debug|Any CPU
		{75103B1E-21C2-4BDE-A744-081749BE068F}.Debug.csproj|x86.Build.0 = Debug|Any CPU
		{75103B1E-21C2-4BDE-A744-081749BE068F}.Debug|Any CPU.ActiveCfg = Debug|Any CPU
		{75103B1E-21C2-4BDE-A744-081749BE068F}.Debug|Any CPU.Build.0 = Debug|Any CPU
		{75103B1E-21C2-4BDE-A744-081749BE068F}.Debug|x86.ActiveCfg = Debug|Any CPU
		{75103B1E-21C2-4BDE-A744-081749BE068F}.Debug|x86.Build.0 = Debug|Any CPU
		{75103B1E-21C2-4BDE-A744-081749BE068F}.Release|Any CPU.ActiveCfg = Release|Any CPU
		{75103B1E-21C2-4BDE-A744-081749BE068F}.Release|Any CPU.Build.0 = Release|Any CPU
		{75103B1E-21C2-4BDE-A744-081749BE068F}.Release|x86.ActiveCfg = Release|Any CPU
		{75103B1E-21C2-4BDE-A744-081749BE068F}.Release|x86.Build.0 = Release|Any CPU
		{99E7523E-4DD0-47ED-9D8A-FA6BD7E316A8}.Debug.csproj|Any CPU.ActiveCfg = Debug|Any CPU
		{99E7523E-4DD0-47ED-9D8A-FA6BD7E316A8}.Debug.csproj|Any CPU.Build.0 = Debug|Any CPU
		{99E7523E-4DD0-47ED-9D8A-FA6BD7E316A8}.Debug.csproj|x86.ActiveCfg = Debug|Any CPU
		{99E7523E-4DD0-47ED-9D8A-FA6BD7E316A8}.Debug.csproj|x86.Build.0 = Debug|Any CPU
		{99E7523E-4DD0-47ED-9D8A-FA6BD7E316A8}.Debug|Any CPU.ActiveCfg = Debug|Any CPU
		{99E7523E-4DD0-47ED-9D8A-FA6BD7E316A8}.Debug|Any CPU.Build.0 = Debug|Any CPU
		{99E7523E-4DD0-47ED-9D8A-FA6BD7E316A8}.Debug|x86.ActiveCfg = Debug|Any CPU
		{99E7523E-4DD0-47ED-9D8A-FA6BD7E316A8}.Debug|x86.Build.0 = Debug|Any CPU
		{99E7523E-4DD0-47ED-9D8A-FA6BD7E316A8}.Release|Any CPU.ActiveCfg = Release|Any CPU
		{99E7523E-4DD0-47ED-9D8A-FA6BD7E316A8}.Release|Any CPU.Build.0 = Release|Any CPU
		{99E7523E-4DD0-47ED-9D8A-FA6BD7E316A8}.Release|x86.ActiveCfg = Release|Any CPU
		{99E7523E-4DD0-47ED-9D8A-FA6BD7E316A8}.Release|x86.Build.0 = Release|Any CPU
		{64EC5631-2216-4E1A-8C00-6572F6126824}.Debug.csproj|Any CPU.ActiveCfg = Debug|Any CPU
		{64EC5631-2216-4E1A-8C00-6572F6126824}.Debug.csproj|Any CPU.Build.0 = Debug|Any CPU
		{64EC5631-2216-4E1A-8C00-6572F6126824}.Debug.csproj|x86.ActiveCfg = Debug|Any CPU
		{64EC5631-2216-4E1A-8C00-6572F6126824}.Debug.csproj|x86.Build.0 = Debug|Any CPU
		{64EC5631-2216-4E1A-8C00-6572F6126824}.Debug|Any CPU.ActiveCfg = Debug|Any CPU
		{64EC5631-2216-4E1A-8C00-6572F6126824}.Debug|Any CPU.Build.0 = Debug|Any CPU
		{64EC5631-2216-4E1A-8C00-6572F6126824}.Debug|x86.ActiveCfg = Debug|Any CPU
		{64EC5631-2216-4E1A-8C00-6572F6126824}.Debug|x86.Build.0 = Debug|Any CPU
		{64EC5631-2216-4E1A-8C00-6572F6126824}.Release|Any CPU.ActiveCfg = Release|Any CPU
		{64EC5631-2216-4E1A-8C00-6572F6126824}.Release|Any CPU.Build.0 = Release|Any CPU
		{64EC5631-2216-4E1A-8C00-6572F6126824}.Release|x86.ActiveCfg = Release|Any CPU
		{64EC5631-2216-4E1A-8C00-6572F6126824}.Release|x86.Build.0 = Release|Any CPU
		{6656A663-C00D-4705-90A6-439EAF8F4C7F}.Debug.csproj|Any CPU.ActiveCfg = Debug|Any CPU
		{6656A663-C00D-4705-90A6-439EAF8F4C7F}.Debug.csproj|Any CPU.Build.0 = Debug|Any CPU
		{6656A663-C00D-4705-90A6-439EAF8F4C7F}.Debug.csproj|x86.ActiveCfg = Debug|Any CPU
		{6656A663-C00D-4705-90A6-439EAF8F4C7F}.Debug.csproj|x86.Build.0 = Debug|Any CPU
		{6656A663-C00D-4705-90A6-439EAF8F4C7F}.Debug|Any CPU.ActiveCfg = Debug|Any CPU
		{6656A663-C00D-4705-90A6-439EAF8F4C7F}.Debug|Any CPU.Build.0 = Debug|Any CPU
		{6656A663-C00D-4705-90A6-439EAF8F4C7F}.Debug|x86.ActiveCfg = Debug|Any CPU
		{6656A663-C00D-4705-90A6-439EAF8F4C7F}.Debug|x86.Build.0 = Debug|Any CPU
		{6656A663-C00D-4705-90A6-439EAF8F4C7F}.Release|Any CPU.ActiveCfg = Release|Any CPU
		{6656A663-C00D-4705-90A6-439EAF8F4C7F}.Release|Any CPU.Build.0 = Release|Any CPU
		{6656A663-C00D-4705-90A6-439EAF8F4C7F}.Release|x86.ActiveCfg = Release|Any CPU
		{6656A663-C00D-4705-90A6-439EAF8F4C7F}.Release|x86.Build.0 = Release|Any CPU
		{F21A723B-0709-4F2A-BCEE-BCF912DE7A16}.Debug.csproj|Any CPU.ActiveCfg = Debug|Any CPU
		{F21A723B-0709-4F2A-BCEE-BCF912DE7A16}.Debug.csproj|Any CPU.Build.0 = Debug|Any CPU
		{F21A723B-0709-4F2A-BCEE-BCF912DE7A16}.Debug.csproj|x86.ActiveCfg = Debug|Any CPU
		{F21A723B-0709-4F2A-BCEE-BCF912DE7A16}.Debug.csproj|x86.Build.0 = Debug|Any CPU
		{F21A723B-0709-4F2A-BCEE-BCF912DE7A16}.Debug|Any CPU.ActiveCfg = Debug|Any CPU
		{F21A723B-0709-4F2A-BCEE-BCF912DE7A16}.Debug|Any CPU.Build.0 = Debug|Any CPU
		{F21A723B-0709-4F2A-BCEE-BCF912DE7A16}.Debug|x86.ActiveCfg = Debug|Any CPU
		{F21A723B-0709-4F2A-BCEE-BCF912DE7A16}.Debug|x86.Build.0 = Debug|Any CPU
		{F21A723B-0709-4F2A-BCEE-BCF912DE7A16}.Release|Any CPU.ActiveCfg = Release|Any CPU
		{F21A723B-0709-4F2A-BCEE-BCF912DE7A16}.Release|Any CPU.Build.0 = Release|Any CPU
		{F21A723B-0709-4F2A-BCEE-BCF912DE7A16}.Release|x86.ActiveCfg = Release|Any CPU
		{F21A723B-0709-4F2A-BCEE-BCF912DE7A16}.Release|x86.Build.0 = Release|Any CPU
		{004E12D0-0557-4C26-AB4C-00AC815350A6}.Debug.csproj|Any CPU.ActiveCfg = Debug|Any CPU
		{004E12D0-0557-4C26-AB4C-00AC815350A6}.Debug.csproj|Any CPU.Build.0 = Debug|Any CPU
		{004E12D0-0557-4C26-AB4C-00AC815350A6}.Debug.csproj|x86.ActiveCfg = Debug|Any CPU
		{004E12D0-0557-4C26-AB4C-00AC815350A6}.Debug.csproj|x86.Build.0 = Debug|Any CPU
		{004E12D0-0557-4C26-AB4C-00AC815350A6}.Debug|Any CPU.ActiveCfg = Debug|Any CPU
		{004E12D0-0557-4C26-AB4C-00AC815350A6}.Debug|Any CPU.Build.0 = Debug|Any CPU
		{004E12D0-0557-4C26-AB4C-00AC815350A6}.Debug|x86.ActiveCfg = Debug|Any CPU
		{004E12D0-0557-4C26-AB4C-00AC815350A6}.Debug|x86.Build.0 = Debug|Any CPU
		{004E12D0-0557-4C26-AB4C-00AC815350A6}.Release|Any CPU.ActiveCfg = Release|Any CPU
		{004E12D0-0557-4C26-AB4C-00AC815350A6}.Release|Any CPU.Build.0 = Release|Any CPU
		{004E12D0-0557-4C26-AB4C-00AC815350A6}.Release|x86.ActiveCfg = Release|Any CPU
		{004E12D0-0557-4C26-AB4C-00AC815350A6}.Release|x86.Build.0 = Release|Any CPU
	EndGlobalSection
	GlobalSection(SolutionProperties) = preSolution
		HideSolutionNode = FALSE
	EndGlobalSection
	GlobalSection(NestedProjects) = preSolution
		{EC190B7A-D5B4-43D3-A729-75E272037C05} = {0DBB4638-4926-4BE6-B51F-7BF3D1C7F032}
		{ABF48ACB-A01B-4ABF-BF23-FA33A02E79CA} = {5E024597-563A-4956-BB60-0F40EA5D7B6A}
		{E4A107D3-1A46-4D87-8125-CA1DADE0F523} = {22D88015-A00B-4DDF-AB81-8A73D76526AF}
		{40F37A1B-8F11-4B8A-B59C-2DC8E614E324} = {8D28BF6B-93D5-42B5-ADAB-8CE9BDE403D5}
		{AFD91A07-1560-4BDD-82CB-7C999DFF8ECC} = {8D28BF6B-93D5-42B5-ADAB-8CE9BDE403D5}
		{F60D1C41-2B2F-4703-9A39-E1A15A1BCBDC} = {8D28BF6B-93D5-42B5-ADAB-8CE9BDE403D5}
		{E938F207-7AD9-4D3C-9835-E013861CFD7A} = {8D28BF6B-93D5-42B5-ADAB-8CE9BDE403D5}
		{D1F64E8E-E927-4E9C-8BA8-F9DF43E4CFAC} = {8D28BF6B-93D5-42B5-ADAB-8CE9BDE403D5}
		{480A7347-2865-4DA8-AE86-4AB511148B1D} = {8D28BF6B-93D5-42B5-ADAB-8CE9BDE403D5}
		{BDE24298-0068-4611-95C2-6C5769FEC5F8} = {8D28BF6B-93D5-42B5-ADAB-8CE9BDE403D5}
		{0D58528D-A90B-4945-8858-CC972F3834C5} = {8D28BF6B-93D5-42B5-ADAB-8CE9BDE403D5}
		{6B57191A-4C57-4B8B-8694-28D67B9BB3AA} = {8D28BF6B-93D5-42B5-ADAB-8CE9BDE403D5}
		{2B508A3C-2AAA-45EA-A923-63ABB6E43428} = {8D28BF6B-93D5-42B5-ADAB-8CE9BDE403D5}
		{61E72D0A-F3F6-4A2F-A0D6-68609903ACE4} = {8D28BF6B-93D5-42B5-ADAB-8CE9BDE403D5}
		{90077795-0AC8-4789-AE48-470479B6F09C} = {8D28BF6B-93D5-42B5-ADAB-8CE9BDE403D5}
		{129243AE-D51F-47DF-A699-B4D6CBFCE69D} = {8D28BF6B-93D5-42B5-ADAB-8CE9BDE403D5}
		{99F3F4B6-ACB0-4C06-B39D-211F75CE368B} = {8D28BF6B-93D5-42B5-ADAB-8CE9BDE403D5}
		{3C1AFC6E-8B20-496F-ADB7-B5FF52923C48} = {8D28BF6B-93D5-42B5-ADAB-8CE9BDE403D5}
		{75103B1E-21C2-4BDE-A744-081749BE068F} = {8D28BF6B-93D5-42B5-ADAB-8CE9BDE403D5}
		{99E7523E-4DD0-47ED-9D8A-FA6BD7E316A8} = {8D28BF6B-93D5-42B5-ADAB-8CE9BDE403D5}
		{64EC5631-2216-4E1A-8C00-6572F6126824} = {8D28BF6B-93D5-42B5-ADAB-8CE9BDE403D5}
		{6656A663-C00D-4705-90A6-439EAF8F4C7F} = {8D28BF6B-93D5-42B5-ADAB-8CE9BDE403D5}
		{F21A723B-0709-4F2A-BCEE-BCF912DE7A16} = {8D28BF6B-93D5-42B5-ADAB-8CE9BDE403D5}
		{004E12D0-0557-4C26-AB4C-00AC815350A6} = {8D28BF6B-93D5-42B5-ADAB-8CE9BDE403D5}
	EndGlobalSection
	GlobalSection(ExtensibilityGlobals) = postSolution
		SolutionGuid = {5346371C-0C45-402F-8187-7C1FDCB7CEFA}
	EndGlobalSection
EndGlobal
