
Microsoft Visual Studio Solution File, Format Version 12.00
# Visual Studio 15
VisualStudioVersion = 15.0.27130.2024
MinimumVisualStudioVersion = 10.0.40219.1
Project("{2150E333-8FDC-42A3-9474-1A3956D46DE8}") = "App", "App", "{0DBB4638-4926-4BE6-B51F-7BF3D1C7F032}"
EndProject
Project("{9A19103F-16F7-4668-BE54-9A1E7A4F7556}") = "Mailr", "Mailr\Mailr.csproj", "{EC190B7A-D5B4-43D3-A729-75E272037C05}"
EndProject
Project("{9A19103F-16F7-4668-BE54-9A1E7A4F7556}") = "Mailr.Models", "Mailr.Models\Mailr.Models.csproj", "{5C574406-F923-432E-8303-44F6CCA45691}"
EndProject
Project("{9A19103F-16F7-4668-BE54-9A1E7A4F7556}") = "Mailr.Utilities", "Mailr.Utilities\Mailr.Utilities.csproj", "{5854B780-9D52-48F7-A4B2-957A683EDDFB}"
EndProject
Project("{9A19103F-16F7-4668-BE54-9A1E7A4F7556}") = "Mailr.Models.Abstractions", "Mailr.Models.Abstractions\Mailr.Models.Abstractions.csproj", "{9B6060B9-203B-4CD6-B93D-ACF8D3B0F636}"
EndProject
Project("{2150E333-8FDC-42A3-9474-1A3956D46DE8}") = "lib", "lib", "{22D88015-A00B-4DDF-AB81-8A73D76526AF}"
EndProject
Project("{2150E333-8FDC-42A3-9474-1A3956D46DE8}") = "ext", "ext", "{5E024597-563A-4956-BB60-0F40EA5D7B6A}"
EndProject
Project("{9A19103F-16F7-4668-BE54-9A1E7A4F7556}") = "Mailr.Extensions.Gunter", "..\Mailr.Extensions\Mailr.Extensions.Gunter\Mailr.Extensions.Gunter.csproj", "{342846BE-DC99-42FD-B201-1DA2CD7B1E69}"
EndProject
Global
	GlobalSection(SolutionConfigurationPlatforms) = preSolution
		Debug|Any CPU = Debug|Any CPU
		Debug|x86 = Debug|x86
		Release|Any CPU = Release|Any CPU
		Release|x86 = Release|x86
	EndGlobalSection
	GlobalSection(ProjectConfigurationPlatforms) = postSolution
		{EC190B7A-D5B4-43D3-A729-75E272037C05}.Debug|Any CPU.ActiveCfg = Debug|Any CPU
		{EC190B7A-D5B4-43D3-A729-75E272037C05}.Debug|Any CPU.Build.0 = Debug|Any CPU
		{EC190B7A-D5B4-43D3-A729-75E272037C05}.Debug|x86.ActiveCfg = Debug|Any CPU
		{EC190B7A-D5B4-43D3-A729-75E272037C05}.Debug|x86.Build.0 = Debug|Any CPU
		{EC190B7A-D5B4-43D3-A729-75E272037C05}.Release|Any CPU.ActiveCfg = Release|Any CPU
		{EC190B7A-D5B4-43D3-A729-75E272037C05}.Release|Any CPU.Build.0 = Release|Any CPU
		{EC190B7A-D5B4-43D3-A729-75E272037C05}.Release|x86.ActiveCfg = Release|Any CPU
		{EC190B7A-D5B4-43D3-A729-75E272037C05}.Release|x86.Build.0 = Release|Any CPU
		{5C574406-F923-432E-8303-44F6CCA45691}.Debug|Any CPU.ActiveCfg = Debug|Any CPU
		{5C574406-F923-432E-8303-44F6CCA45691}.Debug|Any CPU.Build.0 = Debug|Any CPU
		{5C574406-F923-432E-8303-44F6CCA45691}.Debug|x86.ActiveCfg = Debug|Any CPU
		{5C574406-F923-432E-8303-44F6CCA45691}.Debug|x86.Build.0 = Debug|Any CPU
		{5C574406-F923-432E-8303-44F6CCA45691}.Release|Any CPU.ActiveCfg = Release|Any CPU
		{5C574406-F923-432E-8303-44F6CCA45691}.Release|Any CPU.Build.0 = Release|Any CPU
		{5C574406-F923-432E-8303-44F6CCA45691}.Release|x86.ActiveCfg = Release|Any CPU
		{5C574406-F923-432E-8303-44F6CCA45691}.Release|x86.Build.0 = Release|Any CPU
		{5854B780-9D52-48F7-A4B2-957A683EDDFB}.Debug|Any CPU.ActiveCfg = Debug|Any CPU
		{5854B780-9D52-48F7-A4B2-957A683EDDFB}.Debug|Any CPU.Build.0 = Debug|Any CPU
		{5854B780-9D52-48F7-A4B2-957A683EDDFB}.Debug|x86.ActiveCfg = Debug|Any CPU
		{5854B780-9D52-48F7-A4B2-957A683EDDFB}.Debug|x86.Build.0 = Debug|Any CPU
		{5854B780-9D52-48F7-A4B2-957A683EDDFB}.Release|Any CPU.ActiveCfg = Release|Any CPU
		{5854B780-9D52-48F7-A4B2-957A683EDDFB}.Release|Any CPU.Build.0 = Release|Any CPU
		{5854B780-9D52-48F7-A4B2-957A683EDDFB}.Release|x86.ActiveCfg = Release|Any CPU
		{5854B780-9D52-48F7-A4B2-957A683EDDFB}.Release|x86.Build.0 = Release|Any CPU
		{9B6060B9-203B-4CD6-B93D-ACF8D3B0F636}.Debug|Any CPU.ActiveCfg = Debug|Any CPU
		{9B6060B9-203B-4CD6-B93D-ACF8D3B0F636}.Debug|Any CPU.Build.0 = Debug|Any CPU
		{9B6060B9-203B-4CD6-B93D-ACF8D3B0F636}.Debug|x86.ActiveCfg = Debug|Any CPU
		{9B6060B9-203B-4CD6-B93D-ACF8D3B0F636}.Debug|x86.Build.0 = Debug|Any CPU
		{9B6060B9-203B-4CD6-B93D-ACF8D3B0F636}.Release|Any CPU.ActiveCfg = Release|Any CPU
		{9B6060B9-203B-4CD6-B93D-ACF8D3B0F636}.Release|Any CPU.Build.0 = Release|Any CPU
		{9B6060B9-203B-4CD6-B93D-ACF8D3B0F636}.Release|x86.ActiveCfg = Release|Any CPU
		{9B6060B9-203B-4CD6-B93D-ACF8D3B0F636}.Release|x86.Build.0 = Release|Any CPU
		{342846BE-DC99-42FD-B201-1DA2CD7B1E69}.Debug|Any CPU.ActiveCfg = Debug|Any CPU
		{342846BE-DC99-42FD-B201-1DA2CD7B1E69}.Debug|Any CPU.Build.0 = Debug|Any CPU
		{342846BE-DC99-42FD-B201-1DA2CD7B1E69}.Debug|x86.ActiveCfg = Debug|Any CPU
		{342846BE-DC99-42FD-B201-1DA2CD7B1E69}.Debug|x86.Build.0 = Debug|Any CPU
		{342846BE-DC99-42FD-B201-1DA2CD7B1E69}.Release|Any CPU.ActiveCfg = Release|Any CPU
		{342846BE-DC99-42FD-B201-1DA2CD7B1E69}.Release|Any CPU.Build.0 = Release|Any CPU
		{342846BE-DC99-42FD-B201-1DA2CD7B1E69}.Release|x86.ActiveCfg = Release|Any CPU
		{342846BE-DC99-42FD-B201-1DA2CD7B1E69}.Release|x86.Build.0 = Release|Any CPU
	EndGlobalSection
	GlobalSection(SolutionProperties) = preSolution
		HideSolutionNode = FALSE
	EndGlobalSection
	GlobalSection(NestedProjects) = preSolution
		{EC190B7A-D5B4-43D3-A729-75E272037C05} = {0DBB4638-4926-4BE6-B51F-7BF3D1C7F032}
		{5C574406-F923-432E-8303-44F6CCA45691} = {22D88015-A00B-4DDF-AB81-8A73D76526AF}
		{5854B780-9D52-48F7-A4B2-957A683EDDFB} = {22D88015-A00B-4DDF-AB81-8A73D76526AF}
		{9B6060B9-203B-4CD6-B93D-ACF8D3B0F636} = {22D88015-A00B-4DDF-AB81-8A73D76526AF}
		{342846BE-DC99-42FD-B201-1DA2CD7B1E69} = {5E024597-563A-4956-BB60-0F40EA5D7B6A}
	EndGlobalSection
	GlobalSection(ExtensibilityGlobals) = postSolution
		SolutionGuid = {5346371C-0C45-402F-8187-7C1FDCB7CEFA}
	EndGlobalSection
EndGlobal
